Microsoft Visual Studio Solution File, Format Version 12.00
# Visual Studio Version 17
VisualStudioVersion = 17.5.2.0
MinimumVisualStudioVersion = 10.0.40219.1
Project("{FAE04EC0-301F-11D3-BF4B-00C04F79EFBC}") = "SaporeDiRomagna", "SaporeDiRomagna.csproj", "{86558EE0-C8C0-82E0-FFDA-9A55931EA17E}"
EndProject
Global
	GlobalSection(SolutionConfigurationPlatforms) = preSolution
		Debug|Any CPU = Debug|Any CPU
		Release|Any CPU = Release|Any CPU
	EndGlobalSection
	GlobalSection(ProjectConfigurationPlatforms) = postSolution
		{86558EE0-C8C0-82E0-FFDA-9A55931EA17E}.Debug|Any CPU.ActiveCfg = Debug|Any CPU
		{86558EE0-C8C0-82E0-FFDA-9A55931EA17E}.Debug|Any CPU.Build.0 = Debug|Any CPU
		{86558EE0-C8C0-82E0-FFDA-9A55931EA17E}.Release|Any CPU.ActiveCfg = Release|Any CPU
		{86558EE0-C8C0-82E0-FFDA-9A55931EA17E}.Release|Any CPU.Build.0 = Release|Any CPU
	EndGlobalSection
	GlobalSection(SolutionProperties) = preSolution
		HideSolutionNode = FALSE
	EndGlobalSection
	GlobalSection(ExtensibilityGlobals) = postSolution
		SolutionGuid = {CC77091C-8986-4DB9-8E33-8054C89FDED1}
	EndGlobalSection
EndGlobal
